
Microsoft Visual Studio Solution File, Format Version 12.00
# Visual Studio Version 17
VisualStudioVersion = 17.5.33502.453
MinimumVisualStudioVersion = 10.0.40219.1
Project("{9A19103F-16F7-4668-BE54-9A1E7A4F7556}") = "Board", "Board\Board.csproj", "{1BDCC34B-F7C9-46F6-A988-A5167BA6C788}"
EndProject
Global
	GlobalSection(SolutionConfigurationPlatforms) = preSolution
		Debug|Any CPU = Debug|Any CPU
		Release|Any CPU = Release|Any CPU
	EndGlobalSection
	GlobalSection(ProjectConfigurationPlatforms) = postSolution
		{1BDCC34B-F7C9-46F6-A988-A5167BA6C788}.Debug|Any CPU.ActiveCfg = Debug|Any CPU
		{1BDCC34B-F7C9-46F6-A988-A5167BA6C788}.Debug|Any CPU.Build.0 = Debug|Any CPU
		{1BDCC34B-F7C9-46F6-A988-A5167BA6C788}.Release|Any CPU.ActiveCfg = Release|Any CPU
		{1BDCC34B-F7C9-46F6-A988-A5167BA6C788}.Release|Any CPU.Build.0 = Release|Any CPU
	EndGlobalSection
	GlobalSection(SolutionProperties) = preSolution
		HideSolutionNode = FALSE
	EndGlobalSection
	GlobalSection(ExtensibilityGlobals) = postSolution
		SolutionGuid = {A12876CF-AB49-47F0-BB8F-E2783DDC29D0}
	EndGlobalSection
EndGlobal
